// !$*UTF8*$!
{
	archiveVersion = 1;
	classes = {
	};
	objectVersion = 48;
	objects = {

/* Begin PBXBuildFile section */
		995146262015ABB300BCD556 /* AppDelegate.swift in Sources */ = {isa = PBXBuildFile; fileRef = 995146252015ABB300BCD556 /* AppDelegate.swift */; };
		995146282015ABB300BCD556 /* Assets.xcassets in Resources */ = {isa = PBXBuildFile; fileRef = 995146272015ABB300BCD556 /* Assets.xcassets */; };
		9951462B2015ABB300BCD556 /* MainMenu.xib in Resources */ = {isa = PBXBuildFile; fileRef = 995146292015ABB300BCD556 /* MainMenu.xib */; };
		995146342015ABCB00BCD556 /* BigLetterView.swift in Sources */ = {isa = PBXBuildFile; fileRef = 995146332015ABCB00BCD556 /* BigLetterView.swift */; };
		99514636201CA76C00BCD556 /* NSString+FirstLetter.swift in Sources */ = {isa = PBXBuildFile; fileRef = 99514635201CA76C00BCD556 /* NSString+FirstLetter.swift */; };
		99514638201CB47700BCD556 /* TutorController.swift in Sources */ = {isa = PBXBuildFile; fileRef = 99514637201CB47700BCD556 /* TutorController.swift */; };
/* End PBXBuildFile section */

/* Begin PBXFileReference section */
		995146222015ABB300BCD556 /* TypingTutor.app */ = {isa = PBXFileReference; explicitFileType = wrapper.application; includeInIndex = 0; path = TypingTutor.app; sourceTree = BUILT_PRODUCTS_DIR; };
		995146252015ABB300BCD556 /* AppDelegate.swift */ = {isa = PBXFileReference; lastKnownFileType = sourcecode.swift; path = AppDelegate.swift; sourceTree = "<group>"; };
		995146272015ABB300BCD556 /* Assets.xcassets */ = {isa = PBXFileReference; lastKnownFileType = folder.assetcatalog; path = Assets.xcassets; sourceTree = "<group>"; };
		9951462A2015ABB300BCD556 /* Base */ = {isa = PBXFileReference; lastKnownFileType = file.xib; name = Base; path = Base.lproj/MainMenu.xib; sourceTree = "<group>"; };
		9951462C2015ABB300BCD556 /* Info.plist */ = {isa = PBXFileReference; lastKnownFileType = text.plist.xml; path = Info.plist; sourceTree = "<group>"; };
		9951462D2015ABB300BCD556 /* TypingTutor.entitlements */ = {isa = PBXFileReference; lastKnownFileType = text.plist.entitlements; path = TypingTutor.entitlements; sourceTree = "<group>"; };
		995146332015ABCB00BCD556 /* BigLetterView.swift */ = {isa = PBXFileReference; lastKnownFileType = sourcecode.swift; path = BigLetterView.swift; sourceTree = "<group>"; };
		99514635201CA76C00BCD556 /* NSString+FirstLetter.swift */ = {isa = PBXFileReference; lastKnownFileType = sourcecode.swift; path = "NSString+FirstLetter.swift"; sourceTree = "<group>"; };
		99514637201CB47700BCD556 /* TutorController.swift */ = {isa = PBXFileReference; lastKnownFileType = sourcecode.swift; path = TutorController.swift; sourceTree = "<group>"; };
/* End PBXFileReference section */

/* Begin PBXFrameworksBuildPhase section */
		9951461F2015ABB300BCD556 /* Frameworks */ = {
			isa = PBXFrameworksBuildPhase;
			buildActionMask = 2147483647;
			files = (
			);
			runOnlyForDeploymentPostprocessing = 0;
		};
/* End PBXFrameworksBuildPhase section */

/* Begin PBXGroup section */
		995146192015ABB300BCD556 = {
			isa = PBXGroup;
			children = (
				995146242015ABB300BCD556 /* TypingTutor */,
				995146232015ABB300BCD556 /* Products */,
			);
			sourceTree = "<group>";
		};
		995146232015ABB300BCD556 /* Products */ = {
			isa = PBXGroup;
			children = (
				995146222015ABB300BCD556 /* TypingTutor.app */,
			);
			name = Products;
			sourceTree = "<group>";
		};
		995146242015ABB300BCD556 /* TypingTutor */ = {
			isa = PBXGroup;
			children = (
				995146252015ABB300BCD556 /* AppDelegate.swift */,
				995146272015ABB300BCD556 /* Assets.xcassets */,
				995146292015ABB300BCD556 /* MainMenu.xib */,
				9951462C2015ABB300BCD556 /* Info.plist */,
				9951462D2015ABB300BCD556 /* TypingTutor.entitlements */,
				995146332015ABCB00BCD556 /* BigLetterView.swift */,
				99514635201CA76C00BCD556 /* NSString+FirstLetter.swift */,
				99514637201CB47700BCD556 /* TutorController.swift */,
			);
			path = TypingTutor;
			sourceTree = "<group>";
		};
/* End PBXGroup section */

/* Begin PBXNativeTarget section */
		995146212015ABB300BCD556 /* TypingTutor */ = {
			isa = PBXNativeTarget;
			buildConfigurationList = 995146302015ABB300BCD556 /* Build configuration list for PBXNativeTarget "TypingTutor" */;
			buildPhases = (
				9951461E2015ABB300BCD556 /* Sources */,
				9951461F2015ABB300BCD556 /* Frameworks */,
				995146202015ABB300BCD556 /* Resources */,
			);
			buildRules = (
			);
			dependencies = (
			);
			name = TypingTutor;
			productName = TypingTutor;
			productReference = 995146222015ABB300BCD556 /* TypingTutor.app */;
			productType = "com.apple.product-type.application";
		};
/* End PBXNativeTarget section */

/* Begin PBXProject section */
		9951461A2015ABB300BCD556 /* Project object */ = {
			isa = PBXProject;
			attributes = {
				LastSwiftUpdateCheck = 0920;
				LastUpgradeCheck = 0920;
				ORGANIZATIONNAME = "NUNOKAWA Masato";
				TargetAttributes = {
					995146212015ABB300BCD556 = {
						CreatedOnToolsVersion = 9.2;
						ProvisioningStyle = Automatic;
					};
				};
			};
			buildConfigurationList = 9951461D2015ABB300BCD556 /* Build configuration list for PBXProject "TypingTutor" */;
			compatibilityVersion = "Xcode 8.0";
			developmentRegion = en;
			hasScannedForEncodings = 0;
			knownRegions = (
				en,
				Base,
			);
			mainGroup = 995146192015ABB300BCD556;
			productRefGroup = 995146232015ABB300BCD556 /* Products */;
			projectDirPath = "";
			projectRoot = "";
			targets = (
				995146212015ABB300BCD556 /* TypingTutor */,
			);
		};
/* End PBXProject section */

/* Begin PBXResourcesBuildPhase section */
		995146202015ABB300BCD556 /* Resources */ = {
			isa = PBXResourcesBuildPhase;
			buildActionMask = 2147483647;
			files = (
				995146282015ABB300BCD556 /* Assets.xcassets in Resources */,
				9951462B2015ABB300BCD556 /* MainMenu.xib in Resources */,
			);
			runOnlyForDeploymentPostprocessing = 0;
		};
/* End PBXResourcesBuildPhase section */

/* Begin PBXSourcesBuildPhase section */
		9951461E2015ABB300BCD556 /* Sources */ = {
			isa = PBXSourcesBuildPhase;
			buildActionMask = 2147483647;
			files = (
				99514638201CB47700BCD556 /* TutorController.swift in Sources */,
				99514636201CA76C00BCD556 /* NSString+FirstLetter.swift in Sources */,
				995146262015ABB300BCD556 /* AppDelegate.swift in Sources */,
				995146342015ABCB00BCD556 /* BigLetterView.swift in Sources */,
			);
			runOnlyForDeploymentPostprocessing = 0;
		};
/* End PBXSourcesBuildPhase section */

/* Begin PBXVariantGroup section */
		995146292015ABB300BCD556 /* MainMenu.xib */ = {
			isa = PBXVariantGroup;
			children = (
				9951462A2015ABB300BCD556 /* Base */,
			);
			name = MainMenu.xib;
			sourceTree = "<group>";
		};
/* End PBXVariantGroup section */

/* Begin XCBuildConfiguration section */
		9951462E2015ABB300BCD556 /* Debug */ = {
			isa = XCBuildConfiguration;
			buildSettings = {
				ALWAYS_SEARCH_USER_PATHS = NO;
				CLANG_ANALYZER_NONNULL = YES;
				CLANG_ANALYZER_NUMBER_OBJECT_CONVERSION = YES_AGGRESSIVE;
				CLANG_CXX_LANGUAGE_STANDARD = "gnu++14";
				CLANG_CXX_LIBRARY = "libc++";
				CLANG_ENABLE_MODULES = YES;
				CLANG_ENABLE_OBJC_ARC = YES;
				CLANG_WARN_BLOCK_CAPTURE_AUTORELEASING = YES;
				CLANG_WARN_BOOL_CONVERSION = YES;
				CLANG_WARN_COMMA = YES;
				CLANG_WARN_CONSTANT_CONVERSION = YES;
				CLANG_WARN_DIRECT_OBJC_ISA_USAGE = YES_ERROR;
				CLANG_WARN_DOCUMENTATION_COMMENTS = YES;
				CLANG_WARN_EMPTY_BODY = YES;
				CLANG_WARN_ENUM_CONVERSION = YES;
				CLANG_WARN_INFINITE_RECURSION = YES;
				CLANG_WARN_INT_CONVERSION = YES;
				CLANG_WARN_NON_LITERAL_NULL_CONVERSION = YES;
				CLANG_WARN_OBJC_LITERAL_CONVERSION = YES;
				CLANG_WARN_OBJC_ROOT_CLASS = YES_ERROR;
				CLANG_WARN_RANGE_LOOP_ANALYSIS = YES;
				CLANG_WARN_STRICT_PROTOTYPES = YES;
				CLANG_WARN_SUSPICIOUS_MOVE = YES;
				CLANG_WARN_UNGUARDED_AVAILABILITY = YES_AGGRESSIVE;
				CLANG_WARN_UNREACHABLE_CODE = YES;
				CLANG_WARN__DUPLICATE_METHOD_MATCH = YES;
				CODE_SIGN_IDENTITY = "Mac Developer";
				COPY_PHASE_STRIP = NO;
				DEBUG_INFORMATION_FORMAT = dwarf;
				ENABLE_STRICT_OBJC_MSGSEND = YES;
				ENABLE_TESTABILITY = YES;
				GCC_C_LANGUAGE_STANDARD = gnu11;
				GCC_DYNAMIC_NO_PIC = NO;
				GCC_NO_COMMON_BLOCKS = YES;
				GCC_OPTIMIZATION_LEVEL = 0;
				GCC_PREPROCESSOR_DEFINITIONS = (
					"DEBUG=1",
					"$(inherited)",
				);
				GCC_WARN_64_TO_32_BIT_CONVERSION = YES;
				GCC_WARN_ABOUT_RETURN_TYPE = YES_ERROR;
				GCC_WARN_UNDECLARED_SELECTOR = YES;
				GCC_WARN_UNINITIALIZED_AUTOS = YES_AGGRESSIVE;
				GCC_WARN_UNUSED_FUNCTION = YES;
				GCC_WARN_UNUSED_VARIABLE = YES;
				MACOSX_DEPLOYMENT_TARGET = 10.13;
				MTL_ENABLE_DEBUG_INFO = YES;
				ONLY_ACTIVE_ARCH = YES;
				SDKROOT = macosx;
				SWIFT_ACTIVE_COMPILATION_CONDITIONS = DEBUG;
				SWIFT_OPTIMIZATION_LEVEL = "-Onone";
			};
			name = Debug;
		};
		9951462F2015ABB300BCD556 /* Release */ = {
			isa = XCBuildConfiguration;
			buildSettings = {
				ALWAYS_SEARCH_USER_PATHS = NO;
				CLANG_ANALYZER_NONNULL = YES;
				CLANG_ANALYZER_NUMBER_OBJECT_CONVERSION = YES_AGGRESSIVE;
				CLANG_CXX_LANGUAGE_STANDARD = "gnu++14";
				CLANG_CXX_LIBRARY = "libc++";
				CLANG_ENABLE_MODULES = YES;
				CLANG_ENABLE_OBJC_ARC = YES;
				CLANG_WARN_BLOCK_CAPTURE_AUTORELEASING = YES;
				CLANG_WARN_BOOL_CONVERSION = YES;
				CLANG_WARN_COMMA = YES;
				CLANG_WARN_CONSTANT_CONVERSION = YES;
				CLANG_WARN_DIRECT_OBJC_ISA_USAGE = YES_ERROR;
				CLANG_WARN_DOCUMENTATION_COMMENTS = YES;
				CLANG_WARN_EMPTY_BODY = YES;
				CLANG_WARN_ENUM_CONVERSION = YES;
				CLANG_WARN_INFINITE_RECURSION = YES;
				CLANG_WARN_INT_CONVERSION = YES;
				CLANG_WARN_NON_LITERAL_NULL_CONVERSION = YES;
				CLANG_WARN_OBJC_LITERAL_CONVERSION = YES;
				CLANG_WARN_OBJC_ROOT_CLASS = YES_ERROR;
				CLANG_WARN_RANGE_LOOP_ANALYSIS = YES;
				CLANG_WARN_STRICT_PROTOTYPES = YES;
				CLANG_WARN_SUSPICIOUS_MOVE = YES;
				CLANG_WARN_UNGUARDED_AVAILABILITY = YES_AGGRESSIVE;
				CLANG_WARN_UNREACHABLE_CODE = YES;
				CLANG_WARN__DUPLICATE_METHOD_MATCH = YES;
				CODE_SIGN_IDENTITY = "Mac Developer";
				COPY_PHASE_STRIP = NO;
				DEBUG_INFORMATION_FORMAT = "dwarf-with-dsym";
				ENABLE_NS_ASSERTIONS = NO;
				ENABLE_STRICT_OBJC_MSGSEND = YES;
				GCC_C_LANGUAGE_STANDARD = gnu11;
				GCC_NO_COMMON_BLOCKS = YES;
				GCC_WARN_64_TO_32_BIT_CONVERSION = YES;
				GCC_WARN_ABOUT_RETURN_TYPE = YES_ERROR;
				GCC_WARN_UNDECLARED_SELECTOR = YES;
				GCC_WARN_UNINITIALIZED_AUTOS = YES_AGGRESSIVE;
				GCC_WARN_UNUSED_FUNCTION = YES;
				GCC_WARN_UNUSED_VARIABLE = YES;
				MACOSX_DEPLOYMENT_TARGET = 10.13;
				MTL_ENABLE_DEBUG_INFO = NO;
				SDKROOT = macosx;
				SWIFT_OPTIMIZATION_LEVEL = "-Owholemodule";
			};
			name = Release;
		};
		995146312015ABB300BCD556 /* Debug */ = {
			isa = XCBuildConfiguration;
			buildSettings = {
				ASSETCATALOG_COMPILER_APPICON_NAME = AppIcon;
				CODE_SIGN_ENTITLEMENTS = TypingTutor/TypingTutor.entitlements;
				CODE_SIGN_STYLE = Automatic;
				COMBINE_HIDPI_IMAGES = YES;
				DEVELOPMENT_TEAM = TW4485J423;
				INFOPLIST_FILE = TypingTutor/Info.plist;
				LD_RUNPATH_SEARCH_PATHS = "$(inherited) @executable_path/../Frameworks";
				PRODUCT_BUNDLE_IDENTIFIER = org.nunocky.TypingTutor;
				PRODUCT_NAME = "$(TARGET_NAME)";
				SWIFT_VERSION = 4.0;
			};
			name = Debug;
		};
		995146322015ABB300BCD556 /* Release */ = {
			isa = XCBuildConfiguration;
			buildSettings = {
				ASSETCATALOG_COMPILER_APPICON_NAME = AppIcon;
				CODE_SIGN_ENTITLEMENTS = TypingTutor/TypingTutor.entitlements;
				CODE_SIGN_STYLE = Automatic;
				COMBINE_HIDPI_IMAGES = YES;
				DEVELOPMENT_TEAM = TW4485J423;
				INFOPLIST_FILE = TypingTutor/Info.plist;
				LD_RUNPATH_SEARCH_PATHS = "$(inherited) @executable_path/../Frameworks";
				PRODUCT_BUNDLE_IDENTIFIER = org.nunocky.TypingTutor;
				PRODUCT_NAME = "$(TARGET_NAME)";
				SWIFT_VERSION = 4.0;
			};
			name = Release;
		};
/* End XCBuildConfiguration section */

/* Begin XCConfigurationList section */
		9951461D2015ABB300BCD556 /* Build configuration list for PBXProject "TypingTutor" */ = {
			isa = XCConfigurationList;
			buildConfigurations = (
				9951462E2015ABB300BCD556 /* Debug */,
				9951462F2015ABB300BCD556 /* Release */,
			);
			defaultConfigurationIsVisible = 0;
			defaultConfigurationName = Release;
		};
		995146302015ABB300BCD556 /* Build configuration list for PBXNativeTarget "TypingTutor" */ = {
			isa = XCConfigurationList;
			buildConfigurations = (
				995146312015ABB300BCD556 /* Debug */,
				995146322015ABB300BCD556 /* Release */,
			);
			defaultConfigurationIsVisible = 0;
			defaultConfigurationName = Release;
		};
/* End XCConfigurationList section */
	};
	rootObject = 9951461A2015ABB300BCD556 /* Project object */;
}
